
Microsoft Visual Studio Solution File, Format Version 12.00
# Visual Studio Version 17
VisualStudioVersion = 17.9.34616.47
MinimumVisualStudioVersion = 10.0.40219.1
Project("{FAE04EC0-301F-11D3-BF4B-00C04F79EFBC}") = "JaggedArray", "JaggedArray.csproj", "{0B605524-E565-4979-9BB8-930993912E27}"
EndProject
Global
	GlobalSection(SolutionConfigurationPlatforms) = preSolution
		Debug|Any CPU = Debug|Any CPU
		Release|Any CPU = Release|Any CPU
	EndGlobalSection
	GlobalSection(ProjectConfigurationPlatforms) = postSolution
		{0B605524-E565-4979-9BB8-930993912E27}.Debug|Any CPU.ActiveCfg = Debug|Any CPU
		{0B605524-E565-4979-9BB8-930993912E27}.Debug|Any CPU.Build.0 = Debug|Any CPU
		{0B605524-E565-4979-9BB8-930993912E27}.Release|Any CPU.ActiveCfg = Release|Any CPU
		{0B605524-E565-4979-9BB8-930993912E27}.Release|Any CPU.Build.0 = Release|Any CPU
	EndGlobalSection
	GlobalSection(SolutionProperties) = preSolution
		HideSolutionNode = FALSE
	EndGlobalSection
	GlobalSection(ExtensibilityGlobals) = postSolution
		SolutionGuid = {5856810A-3BD6-43F3-8336-B78B9AB55D4F}
	EndGlobalSection
EndGlobal
